// !$*UTF8*$!
{
	archiveVersion = 1;
	classes = {
	};
	objectVersion = 50;
	objects = {

/* Begin PBXBuildFile section */
		01BBF73F23C6F7A60019AA8C /* AppDelegate.swift in Sources */ = {isa = PBXBuildFile; fileRef = 01BBF73E23C6F7A60019AA8C /* AppDelegate.swift */; };
		01BBF74123C6F7A60019AA8C /* SceneDelegate.swift in Sources */ = {isa = PBXBuildFile; fileRef = 01BBF74023C6F7A60019AA8C /* SceneDelegate.swift */; };
		01BBF74323C6F7A60019AA8C /* ViewController.swift in Sources */ = {isa = PBXBuildFile; fileRef = 01BBF74223C6F7A60019AA8C /* ViewController.swift */; };
		01BBF74623C6F7A60019AA8C /* Main.storyboard in Resources */ = {isa = PBXBuildFile; fileRef = 01BBF74423C6F7A60019AA8C /* Main.storyboard */; };
		01BBF74823C6F7A70019AA8C /* Assets.xcassets in Resources */ = {isa = PBXBuildFile; fileRef = 01BBF74723C6F7A70019AA8C /* Assets.xcassets */; };
		01BBF74B23C6F7A70019AA8C /* LaunchScreen.storyboard in Resources */ = {isa = PBXBuildFile; fileRef = 01BBF74923C6F7A70019AA8C /* LaunchScreen.storyboard */; };
		01BBF75623C6F8030019AA8C /* SettingsCell.swift in Sources */ = {isa = PBXBuildFile; fileRef = 01BBF75523C6F8030019AA8C /* SettingsCell.swift */; };
		01BBF75823C6F80D0019AA8C /* UserInfoHeader.swift in Sources */ = {isa = PBXBuildFile; fileRef = 01BBF75723C6F80D0019AA8C /* UserInfoHeader.swift */; };
		01BBF75A23C6F8160019AA8C /* SettingsSection.swift in Sources */ = {isa = PBXBuildFile; fileRef = 01BBF75923C6F8160019AA8C /* SettingsSection.swift */; };
/* End PBXBuildFile section */

/* Begin PBXFileReference section */
		01BBF73B23C6F7A60019AA8C /* SettingsSample.app */ = {isa = PBXFileReference; explicitFileType = wrapper.application; includeInIndex = 0; path = SettingsSample.app; sourceTree = BUILT_PRODUCTS_DIR; };
		01BBF73E23C6F7A60019AA8C /* AppDelegate.swift */ = {isa = PBXFileReference; lastKnownFileType = sourcecode.swift; path = AppDelegate.swift; sourceTree = "<group>"; };
		01BBF74023C6F7A60019AA8C /* SceneDelegate.swift */ = {isa = PBXFileReference; lastKnownFileType = sourcecode.swift; path = SceneDelegate.swift; sourceTree = "<group>"; };
		01BBF74223C6F7A60019AA8C /* ViewController.swift */ = {isa = PBXFileReference; lastKnownFileType = sourcecode.swift; path = ViewController.swift; sourceTree = "<group>"; };
		01BBF74523C6F7A60019AA8C /* Base */ = {isa = PBXFileReference; lastKnownFileType = file.storyboard; name = Base; path = Base.lproj/Main.storyboard; sourceTree = "<group>"; };
		01BBF74723C6F7A70019AA8C /* Assets.xcassets */ = {isa = PBXFileReference; lastKnownFileType = folder.assetcatalog; path = Assets.xcassets; sourceTree = "<group>"; };
		01BBF74A23C6F7A70019AA8C /* Base */ = {isa = PBXFileReference; lastKnownFileType = file.storyboard; name = Base; path = Base.lproj/LaunchScreen.storyboard; sourceTree = "<group>"; };
		01BBF74C23C6F7A70019AA8C /* Info.plist */ = {isa = PBXFileReference; lastKnownFileType = text.plist.xml; path = Info.plist; sourceTree = "<group>"; };
		01BBF75523C6F8030019AA8C /* SettingsCell.swift */ = {isa = PBXFileReference; lastKnownFileType = sourcecode.swift; path = SettingsCell.swift; sourceTree = "<group>"; };
		01BBF75723C6F80D0019AA8C /* UserInfoHeader.swift */ = {isa = PBXFileReference; lastKnownFileType = sourcecode.swift; path = UserInfoHeader.swift; sourceTree = "<group>"; };
		01BBF75923C6F8160019AA8C /* SettingsSection.swift */ = {isa = PBXFileReference; lastKnownFileType = sourcecode.swift; path = SettingsSection.swift; sourceTree = "<group>"; };
/* End PBXFileReference section */

/* Begin PBXFrameworksBuildPhase section */
		01BBF73823C6F7A60019AA8C /* Frameworks */ = {
			isa = PBXFrameworksBuildPhase;
			buildActionMask = 2147483647;
			files = (
			);
			runOnlyForDeploymentPostprocessing = 0;
		};
/* End PBXFrameworksBuildPhase section */

/* Begin PBXGroup section */
		01BBF73223C6F7A60019AA8C = {
			isa = PBXGroup;
			children = (
				01BBF73D23C6F7A60019AA8C /* SettingsSample */,
				01BBF73C23C6F7A60019AA8C /* Products */,
			);
			sourceTree = "<group>";
		};
		01BBF73C23C6F7A60019AA8C /* Products */ = {
			isa = PBXGroup;
			children = (
				01BBF73B23C6F7A60019AA8C /* SettingsSample.app */,
			);
			name = Products;
			sourceTree = "<group>";
		};
		01BBF73D23C6F7A60019AA8C /* SettingsSample */ = {
			isa = PBXGroup;
			children = (
				01BBF75423C6F7E60019AA8C /* Model */,
				01BBF75323C6F7E40019AA8C /* View */,
				01BBF75223C6F7E10019AA8C /* Controller */,
				01BBF73E23C6F7A60019AA8C /* AppDelegate.swift */,
				01BBF74023C6F7A60019AA8C /* SceneDelegate.swift */,
				01BBF74423C6F7A60019AA8C /* Main.storyboard */,
				01BBF74723C6F7A70019AA8C /* Assets.xcassets */,
				01BBF74923C6F7A70019AA8C /* LaunchScreen.storyboard */,
				01BBF74C23C6F7A70019AA8C /* Info.plist */,
			);
			path = SettingsSample;
			sourceTree = "<group>";
		};
		01BBF75223C6F7E10019AA8C /* Controller */ = {
			isa = PBXGroup;
			children = (
				01BBF74223C6F7A60019AA8C /* ViewController.swift */,
			);
			path = Controller;
			sourceTree = "<group>";
		};
		01BBF75323C6F7E40019AA8C /* View */ = {
			isa = PBXGroup;
			children = (
				01BBF75523C6F8030019AA8C /* SettingsCell.swift */,
				01BBF75723C6F80D0019AA8C /* UserInfoHeader.swift */,
			);
			path = View;
			sourceTree = "<group>";
		};
		01BBF75423C6F7E60019AA8C /* Model */ = {
			isa = PBXGroup;
			children = (
				01BBF75923C6F8160019AA8C /* SettingsSection.swift */,
			);
			path = Model;
			sourceTree = "<group>";
		};
/* End PBXGroup section */

/* Begin PBXNativeTarget section */
		01BBF73A23C6F7A60019AA8C /* SettingsSample */ = {
			isa = PBXNativeTarget;
			buildConfigurationList = 01BBF74F23C6F7A70019AA8C /* Build configuration list for PBXNativeTarget "SettingsSample" */;
			buildPhases = (
				01BBF73723C6F7A60019AA8C /* Sources */,
				01BBF73823C6F7A60019AA8C /* Frameworks */,
				01BBF73923C6F7A60019AA8C /* Resources */,
			);
			buildRules = (
			);
			dependencies = (
			);
			name = SettingsSample;
			productName = SettingsSample;
			productReference = 01BBF73B23C6F7A60019AA8C /* SettingsSample.app */;
			productType = "com.apple.product-type.application";
		};
/* End PBXNativeTarget section */

/* Begin PBXProject section */
		01BBF73323C6F7A60019AA8C /* Project object */ = {
			isa = PBXProject;
			attributes = {
				LastSwiftUpdateCheck = 1130;
				LastUpgradeCheck = 1130;
				ORGANIZATIONNAME = hexlant_01;
				TargetAttributes = {
					01BBF73A23C6F7A60019AA8C = {
						CreatedOnToolsVersion = 11.3;
					};
				};
			};
			buildConfigurationList = 01BBF73623C6F7A60019AA8C /* Build configuration list for PBXProject "SettingsSample" */;
			compatibilityVersion = "Xcode 9.3";
			developmentRegion = en;
			hasScannedForEncodings = 0;
			knownRegions = (
				en,
				Base,
			);
			mainGroup = 01BBF73223C6F7A60019AA8C;
			productRefGroup = 01BBF73C23C6F7A60019AA8C /* Products */;
			projectDirPath = "";
			projectRoot = "";
			targets = (
				01BBF73A23C6F7A60019AA8C /* SettingsSample */,
			);
		};
/* End PBXProject section */

/* Begin PBXResourcesBuildPhase section */
		01BBF73923C6F7A60019AA8C /* Resources */ = {
			isa = PBXResourcesBuildPhase;
			buildActionMask = 2147483647;
			files = (
				01BBF74B23C6F7A70019AA8C /* LaunchScreen.storyboard in Resources */,
				01BBF74823C6F7A70019AA8C /* Assets.xcassets in Resources */,
				01BBF74623C6F7A60019AA8C /* Main.storyboard in Resources */,
			);
			runOnlyForDeploymentPostprocessing = 0;
		};
/* End PBXResourcesBuildPhase section */

/* Begin PBXSourcesBuildPhase section */
		01BBF73723C6F7A60019AA8C /* Sources */ = {
			isa = PBXSourcesBuildPhase;
			buildActionMask = 2147483647;
			files = (
				01BBF75A23C6F8160019AA8C /* SettingsSection.swift in Sources */,
				01BBF74323C6F7A60019AA8C /* ViewController.swift in Sources */,
				01BBF73F23C6F7A60019AA8C /* AppDelegate.swift in Sources */,
				01BBF75623C6F8030019AA8C /* SettingsCell.swift in Sources */,
				01BBF74123C6F7A60019AA8C /* SceneDelegate.swift in Sources */,
				01BBF75823C6F80D0019AA8C /* UserInfoHeader.swift in Sources */,
			);
			runOnlyForDeploymentPostprocessing = 0;
		};
/* End PBXSourcesBuildPhase section */

/* Begin PBXVariantGroup section */
		01BBF74423C6F7A60019AA8C /* Main.storyboard */ = {
			isa = PBXVariantGroup;
			children = (
				01BBF74523C6F7A60019AA8C /* Base */,
			);
			name = Main.storyboard;
			sourceTree = "<group>";
		};
		01BBF74923C6F7A70019AA8C /* LaunchScreen.storyboard */ = {
			isa = PBXVariantGroup;
			children = (
				01BBF74A23C6F7A70019AA8C /* Base */,
			);
			name = LaunchScreen.storyboard;
			sourceTree = "<group>";
		};
/* End PBXVariantGroup section */

/* Begin XCBuildConfiguration section */
		01BBF74D23C6F7A70019AA8C /* Debug */ = {
			isa = XCBuildConfiguration;
			buildSettings = {
				ALWAYS_SEARCH_USER_PATHS = NO;
				CLANG_ANALYZER_NONNULL = YES;
				CLANG_ANALYZER_NUMBER_OBJECT_CONVERSION = YES_AGGRESSIVE;
				CLANG_CXX_LANGUAGE_STANDARD = "gnu++14";
				CLANG_CXX_LIBRARY = "libc++";
				CLANG_ENABLE_MODULES = YES;
				CLANG_ENABLE_OBJC_ARC = YES;
				CLANG_ENABLE_OBJC_WEAK = YES;
				CLANG_WARN_BLOCK_CAPTURE_AUTORELEASING = YES;
				CLANG_WARN_BOOL_CONVERSION = YES;
				CLANG_WARN_COMMA = YES;
				CLANG_WARN_CONSTANT_CONVERSION = YES;
				CLANG_WARN_DEPRECATED_OBJC_IMPLEMENTATIONS = YES;
				CLANG_WARN_DIRECT_OBJC_ISA_USAGE = YES_ERROR;
				CLANG_WARN_DOCUMENTATION_COMMENTS = YES;
				CLANG_WARN_EMPTY_BODY = YES;
				CLANG_WARN_ENUM_CONVERSION = YES;
				CLANG_WARN_INFINITE_RECURSION = YES;
				CLANG_WARN_INT_CONVERSION = YES;
				CLANG_WARN_NON_LITERAL_NULL_CONVERSION = YES;
				CLANG_WARN_OBJC_IMPLICIT_RETAIN_SELF = YES;
				CLANG_WARN_OBJC_LITERAL_CONVERSION = YES;
				CLANG_WARN_OBJC_ROOT_CLASS = YES_ERROR;
				CLANG_WARN_RANGE_LOOP_ANALYSIS = YES;
				CLANG_WARN_STRICT_PROTOTYPES = YES;
				CLANG_WARN_SUSPICIOUS_MOVE = YES;
				CLANG_WARN_UNGUARDED_AVAILABILITY = YES_AGGRESSIVE;
				CLANG_WARN_UNREACHABLE_CODE = YES;
				CLANG_WARN__DUPLICATE_METHOD_MATCH = YES;
				COPY_PHASE_STRIP = NO;
				DEBUG_INFORMATION_FORMAT = dwarf;
				ENABLE_STRICT_OBJC_MSGSEND = YES;
				ENABLE_TESTABILITY = YES;
				GCC_C_LANGUAGE_STANDARD = gnu11;
				GCC_DYNAMIC_NO_PIC = NO;
				GCC_NO_COMMON_BLOCKS = YES;
				GCC_OPTIMIZATION_LEVEL = 0;
				GCC_PREPROCESSOR_DEFINITIONS = (
					"DEBUG=1",
					"$(inherited)",
				);
				GCC_WARN_64_TO_32_BIT_CONVERSION = YES;
				GCC_WARN_ABOUT_RETURN_TYPE = YES_ERROR;
				GCC_WARN_UNDECLARED_SELECTOR = YES;
				GCC_WARN_UNINITIALIZED_AUTOS = YES_AGGRESSIVE;
				GCC_WARN_UNUSED_FUNCTION = YES;
				GCC_WARN_UNUSED_VARIABLE = YES;
				IPHONEOS_DEPLOYMENT_TARGET = 13.2;
				MTL_ENABLE_DEBUG_INFO = INCLUDE_SOURCE;
				MTL_FAST_MATH = YES;
				ONLY_ACTIVE_ARCH = YES;
				SDKROOT = iphoneos;
				SWIFT_ACTIVE_COMPILATION_CONDITIONS = DEBUG;
				SWIFT_OPTIMIZATION_LEVEL = "-Onone";
			};
			name = Debug;
		};
		01BBF74E23C6F7A70019AA8C /* Release */ = {
			isa = XCBuildConfiguration;
			buildSettings = {
				ALWAYS_SEARCH_USER_PATHS = NO;
				CLANG_ANALYZER_NONNULL = YES;
				CLANG_ANALYZER_NUMBER_OBJECT_CONVERSION = YES_AGGRESSIVE;
				CLANG_CXX_LANGUAGE_STANDARD = "gnu++14";
				CLANG_CXX_LIBRARY = "libc++";
				CLANG_ENABLE_MODULES = YES;
				CLANG_ENABLE_OBJC_ARC = YES;
				CLANG_ENABLE_OBJC_WEAK = YES;
				CLANG_WARN_BLOCK_CAPTURE_AUTORELEASING = YES;
				CLANG_WARN_BOOL_CONVERSION = YES;
				CLANG_WARN_COMMA = YES;
				CLANG_WARN_CONSTANT_CONVERSION = YES;
				CLANG_WARN_DEPRECATED_OBJC_IMPLEMENTATIONS = YES;
				CLANG_WARN_DIRECT_OBJC_ISA_USAGE = YES_ERROR;
				CLANG_WARN_DOCUMENTATION_COMMENTS = YES;
				CLANG_WARN_EMPTY_BODY = YES;
				CLANG_WARN_ENUM_CONVERSION = YES;
				CLANG_WARN_INFINITE_RECURSION = YES;
				CLANG_WARN_INT_CONVERSION = YES;
				CLANG_WARN_NON_LITERAL_NULL_CONVERSION = YES;
				CLANG_WARN_OBJC_IMPLICIT_RETAIN_SELF = YES;
				CLANG_WARN_OBJC_LITERAL_CONVERSION = YES;
				CLANG_WARN_OBJC_ROOT_CLASS = YES_ERROR;
				CLANG_WARN_RANGE_LOOP_ANALYSIS = YES;
				CLANG_WARN_STRICT_PROTOTYPES = YES;
				CLANG_WARN_SUSPICIOUS_MOVE = YES;
				CLANG_WARN_UNGUARDED_AVAILABILITY = YES_AGGRESSIVE;
				CLANG_WARN_UNREACHABLE_CODE = YES;
				CLANG_WARN__DUPLICATE_METHOD_MATCH = YES;
				COPY_PHASE_STRIP = NO;
				DEBUG_INFORMATION_FORMAT = "dwarf-with-dsym";
				ENABLE_NS_ASSERTIONS = NO;
				ENABLE_STRICT_OBJC_MSGSEND = YES;
				GCC_C_LANGUAGE_STANDARD = gnu11;
				GCC_NO_COMMON_BLOCKS = YES;
				GCC_WARN_64_TO_32_BIT_CONVERSION = YES;
				GCC_WARN_ABOUT_RETURN_TYPE = YES_ERROR;
				GCC_WARN_UNDECLARED_SELECTOR = YES;
				GCC_WARN_UNINITIALIZED_AUTOS = YES_AGGRESSIVE;
				GCC_WARN_UNUSED_FUNCTION = YES;
				GCC_WARN_UNUSED_VARIABLE = YES;
				IPHONEOS_DEPLOYMENT_TARGET = 13.2;
				MTL_ENABLE_DEBUG_INFO = NO;
				MTL_FAST_MATH = YES;
				SDKROOT = iphoneos;
				SWIFT_COMPILATION_MODE = wholemodule;
				SWIFT_OPTIMIZATION_LEVEL = "-O";
				VALIDATE_PRODUCT = YES;
			};
			name = Release;
		};
		01BBF75023C6F7A70019AA8C /* Debug */ = {
			isa = XCBuildConfiguration;
			buildSettings = {
				ASSETCATALOG_COMPILER_APPICON_NAME = AppIcon;
				CODE_SIGN_STYLE = Automatic;
				INFOPLIST_FILE = SettingsSample/Info.plist;
				LD_RUNPATH_SEARCH_PATHS = (
					"$(inherited)",
					"@executable_path/Frameworks",
				);
				PRODUCT_BUNDLE_IDENTIFIER = com.hexlant.SettingsSample;
				PRODUCT_NAME = "$(TARGET_NAME)";
				SWIFT_VERSION = 5.0;
				TARGETED_DEVICE_FAMILY = "1,2";
			};
			name = Debug;
		};
		01BBF75123C6F7A70019AA8C /* Release */ = {
			isa = XCBuildConfiguration;
			buildSettings = {
				ASSETCATALOG_COMPILER_APPICON_NAME = AppIcon;
				CODE_SIGN_STYLE = Automatic;
				INFOPLIST_FILE = SettingsSample/Info.plist;
				LD_RUNPATH_SEARCH_PATHS = (
					"$(inherited)",
					"@executable_path/Frameworks",
				);
				PRODUCT_BUNDLE_IDENTIFIER = com.hexlant.SettingsSample;
				PRODUCT_NAME = "$(TARGET_NAME)";
				SWIFT_VERSION = 5.0;
				TARGETED_DEVICE_FAMILY = "1,2";
			};
			name = Release;
		};
/* End XCBuildConfiguration section */

/* Begin XCConfigurationList section */
		01BBF73623C6F7A60019AA8C /* Build configuration list for PBXProject "SettingsSample" */ = {
			isa = XCConfigurationList;
			buildConfigurations = (
				01BBF74D23C6F7A70019AA8C /* Debug */,
				01BBF74E23C6F7A70019AA8C /* Release */,
			);
			defaultConfigurationIsVisible = 0;
			defaultConfigurationName = Release;
		};
		01BBF74F23C6F7A70019AA8C /* Build configuration list for PBXNativeTarget "SettingsSample" */ = {
			isa = XCConfigurationList;
			buildConfigurations = (
				01BBF75023C6F7A70019AA8C /* Debug */,
				01BBF75123C6F7A70019AA8C /* Release */,
			);
			defaultConfigurationIsVisible = 0;
			defaultConfigurationName = Release;
		};
/* End XCConfigurationList section */
	};
	rootObject = 01BBF73323C6F7A60019AA8C /* Project object */;
}
